{
  "name": "@uhuru/node-red-contrib-enebular",
  "version": "0.2.1",
  "lockfileVersion": 3,
  "requires": true,
  "packages": {
    "": {
      "name": "@uhuru/node-red-contrib-enebular",
      "version": "0.2.1",
      "license": "Apache",
      "dependencies": {
        "htmlspecialchars": "^1.0.5",
        "when": "~3.x"
      }
    },
    "node_modules/htmlspecialchars": {
      "version": "1.0.5",
      "resolved": "https://registry.npmjs.org/htmlspecialchars/-/htmlspecialchars-1.0.5.tgz",
      "integrity": "sha512-gRSdRUTthlrkxtvTz3s98ly/OCU9guJTDm0EtQ5pMhmGYew5x/zwcDrt9KvEu+jy9bXNppAmzLzUTmCSJytNKQ==",
      "license": "MIT"
    },
    "node_modules/when": {
      "version": "3.7.8",
      "resolved": "https://registry.npmjs.org/when/-/when-3.7.8.tgz",
      "integrity": "sha512-5cZ7mecD3eYcMiCH4wtRPA5iFJZ50BJYDfckI5RRpQiktMiYTcn0ccLTZOvcbBume+1304fQztxeNzNS9Gvrnw==",
      "license": "MIT"
    }
  }
}
